
Microsoft Visual Studio Solution File, Format Version 12.00
# Visual Studio Version 17
VisualStudioVersion = 17.1.32319.34
MinimumVisualStudioVersion = 10.0.40219.1
Project("{9A19103F-16F7-4668-BE54-9A1E7A4F7556}") = "CtAuthAPI", "CtAuthAPI\CtAuthAPI.csproj", "{C804240E-FFD1-4136-8820-632B5DB66EEA}"
EndProject
Project("{FAE04EC0-301F-11D3-BF4B-00C04F79EFBC}") = "CtAuthAPI.Tests", "CtAuthAPI.Tests\CtAuthAPI.Tests.csproj", "{8EB54AB8-0845-4800-A2BB-9B20928CCB1D}"
EndProject
Global
	GlobalSection(SolutionConfigurationPlatforms) = preSolution
		Debug|Any CPU = Debug|Any CPU
		Release|Any CPU = Release|Any CPU
	EndGlobalSection
	GlobalSection(ProjectConfigurationPlatforms) = postSolution
		{C804240E-FFD1-4136-8820-632B5DB66EEA}.Debug|Any CPU.ActiveCfg = Debug|Any CPU
		{C804240E-FFD1-4136-8820-632B5DB66EEA}.Debug|Any CPU.Build.0 = Debug|Any CPU
		{C804240E-FFD1-4136-8820-632B5DB66EEA}.Release|Any CPU.ActiveCfg = Release|Any CPU
		{C804240E-FFD1-4136-8820-632B5DB66EEA}.Release|Any CPU.Build.0 = Release|Any CPU
		{8EB54AB8-0845-4800-A2BB-9B20928CCB1D}.Debug|Any CPU.ActiveCfg = Debug|Any CPU
		{8EB54AB8-0845-4800-A2BB-9B20928CCB1D}.Debug|Any CPU.Build.0 = Debug|Any CPU
		{8EB54AB8-0845-4800-A2BB-9B20928CCB1D}.Release|Any CPU.ActiveCfg = Release|Any CPU
		{8EB54AB8-0845-4800-A2BB-9B20928CCB1D}.Release|Any CPU.Build.0 = Release|Any CPU
	EndGlobalSection
	GlobalSection(SolutionProperties) = preSolution
		HideSolutionNode = FALSE
	EndGlobalSection
	GlobalSection(ExtensibilityGlobals) = postSolution
		SolutionGuid = {FBA60C99-C85D-4B6E-91D9-EA5A7DFA0A04}
	EndGlobalSection
EndGlobal
